
Microsoft Visual Studio Solution File, Format Version 12.00
# Visual Studio Version 16
VisualStudioVersion = 16.0.29009.5
MinimumVisualStudioVersion = 10.0.40219.1
Project("{FAE04EC0-301F-11D3-BF4B-00C04F79EFBC}") = "ScreenCPY", "ScreenCPY\ScreenCPY.csproj", "{9968CC72-E0B9-47D3-8928-919F07964066}"
EndProject
Global
	GlobalSection(SolutionConfigurationPlatforms) = preSolution
		Debug|Any CPU = Debug|Any CPU
		Release|Any CPU = Release|Any CPU
	EndGlobalSection
	GlobalSection(ProjectConfigurationPlatforms) = postSolution
		{9968CC72-E0B9-47D3-8928-919F07964066}.Debug|Any CPU.ActiveCfg = Debug|Any CPU
		{9968CC72-E0B9-47D3-8928-919F07964066}.Debug|Any CPU.Build.0 = Debug|Any CPU
		{9968CC72-E0B9-47D3-8928-919F07964066}.Release|Any CPU.ActiveCfg = Release|Any CPU
		{9968CC72-E0B9-47D3-8928-919F07964066}.Release|Any CPU.Build.0 = Release|Any CPU
	EndGlobalSection
	GlobalSection(SolutionProperties) = preSolution
		HideSolutionNode = FALSE
	EndGlobalSection
	GlobalSection(ExtensibilityGlobals) = postSolution
		SolutionGuid = {9DB060DB-B533-43EC-B893-1915A6404A1B}
	EndGlobalSection
EndGlobal
